
Microsoft Visual Studio Solution File, Format Version 12.00
# Visual Studio Version 17
VisualStudioVersion = 17.1.32328.378
MinimumVisualStudioVersion = 10.0.40219.1
Project("{FAE04EC0-301F-11D3-BF4B-00C04F79EFBC}") = "UsersList", "UsersList.csproj", "{DC67BB7B-694A-4B2F-8A47-304513D21B1F}"
EndProject
Global
	GlobalSection(SolutionConfigurationPlatforms) = preSolution
		Debug|Any CPU = Debug|Any CPU
		Release|Any CPU = Release|Any CPU
	EndGlobalSection
	GlobalSection(ProjectConfigurationPlatforms) = postSolution
		{DC67BB7B-694A-4B2F-8A47-304513D21B1F}.Debug|Any CPU.ActiveCfg = Debug|Any CPU
		{DC67BB7B-694A-4B2F-8A47-304513D21B1F}.Debug|Any CPU.Build.0 = Debug|Any CPU
		{DC67BB7B-694A-4B2F-8A47-304513D21B1F}.Release|Any CPU.ActiveCfg = Release|Any CPU
		{DC67BB7B-694A-4B2F-8A47-304513D21B1F}.Release|Any CPU.Build.0 = Release|Any CPU
	EndGlobalSection
	GlobalSection(SolutionProperties) = preSolution
		HideSolutionNode = FALSE
	EndGlobalSection
	GlobalSection(ExtensibilityGlobals) = postSolution
		SolutionGuid = {7A894FAE-CE3F-4304-8353-3ABDA9F85F63}
	EndGlobalSection
EndGlobal
